
Microsoft Visual Studio Solution File, Format Version 12.00
# Visual Studio 15
VisualStudioVersion = 15.0.27130.2036
MinimumVisualStudioVersion = 10.0.40219.1
Project("{FAE04EC0-301F-11D3-BF4B-00C04F79EFBC}") = "FeatureFoldersWebApp", "FeatureFoldersWebApp\FeatureFoldersWebApp.csproj", "{BD746A27-3876-4C3A-B199-2AD0695C498E}"
EndProject
Global
	GlobalSection(SolutionConfigurationPlatforms) = preSolution
		Debug|Any CPU = Debug|Any CPU
		Release|Any CPU = Release|Any CPU
	EndGlobalSection
	GlobalSection(ProjectConfigurationPlatforms) = postSolution
		{BD746A27-3876-4C3A-B199-2AD0695C498E}.Debug|Any CPU.ActiveCfg = Debug|Any CPU
		{BD746A27-3876-4C3A-B199-2AD0695C498E}.Debug|Any CPU.Build.0 = Debug|Any CPU
		{BD746A27-3876-4C3A-B199-2AD0695C498E}.Release|Any CPU.ActiveCfg = Release|Any CPU
		{BD746A27-3876-4C3A-B199-2AD0695C498E}.Release|Any CPU.Build.0 = Release|Any CPU
	EndGlobalSection
	GlobalSection(SolutionProperties) = preSolution
		HideSolutionNode = FALSE
	EndGlobalSection
	GlobalSection(ExtensibilityGlobals) = postSolution
		SolutionGuid = {B028DCAE-17D8-4A2A-8017-17B1E2ABA648}
	EndGlobalSection
EndGlobal
